PODS:
  - MBProgressHUD (0.9.1)
  - YALField (1.0.1)

DEPENDENCIES:
  - MBProgressHUD
  - YALField (from `../`)

EXTERNAL SOURCES:
  YALField:
    :path: "../"

SPEC CHECKSUMS:
  MBProgressHUD: c47f2c166c126cf2ce36498d80f33e754d4e93ad
  YALField: f80f986de790bb13690264422437fa4e0593af0a

PODFILE CHECKSUM: 7590100c9319b6f281bd3e6cb4cabfdf4ebf799f

COCOAPODS: 1.0.1
